
Microsoft Visual Studio Solution File, Format Version 12.00
# Visual Studio Version 17
VisualStudioVersion = 17.3.32819.101
MinimumVisualStudioVersion = 10.0.40219.1
Project("{FAE04EC0-301F-11D3-BF4B-00C04F79EFBC}") = "Assignmnent373", "Assignmnent373.csproj", "{90CFBC74-CFBD-4A4B-95CE-34B0F749E384}"
EndProject
Global
	GlobalSection(SolutionConfigurationPlatforms) = preSolution
		Debug|Any CPU = Debug|Any CPU
		Release|Any CPU = Release|Any CPU
	EndGlobalSection
	GlobalSection(ProjectConfigurationPlatforms) = postSolution
		{90CFBC74-CFBD-4A4B-95CE-34B0F749E384}.Debug|Any CPU.ActiveCfg = Debug|Any CPU
		{90CFBC74-CFBD-4A4B-95CE-34B0F749E384}.Debug|Any CPU.Build.0 = Debug|Any CPU
		{90CFBC74-CFBD-4A4B-95CE-34B0F749E384}.Release|Any CPU.ActiveCfg = Release|Any CPU
		{90CFBC74-CFBD-4A4B-95CE-34B0F749E384}.Release|Any CPU.Build.0 = Release|Any CPU
	EndGlobalSection
	GlobalSection(SolutionProperties) = preSolution
		HideSolutionNode = FALSE
	EndGlobalSection
	GlobalSection(ExtensibilityGlobals) = postSolution
		SolutionGuid = {9E042482-4824-4D3B-9A80-747893DEB972}
	EndGlobalSection
EndGlobal
